
Microsoft Visual Studio Solution File, Format Version 12.00
Project("{FAE04EC0-301F-11D3-BF4B-00C04F79EFBC}") = "NET9WithSwagger", "NET9WithSwagger.csproj", "{3D2669B5-7A02-4F6B-9749-D8EAD1A3C59C}"
EndProject
Global
	GlobalSection(SolutionConfigurationPlatforms) = preSolution
		Debug|Any CPU = Debug|Any CPU
		Release|Any CPU = Release|Any CPU
	EndGlobalSection
	GlobalSection(ProjectConfigurationPlatforms) = postSolution
		{3D2669B5-7A02-4F6B-9749-D8EAD1A3C59C}.Debug|Any CPU.ActiveCfg = Debug|Any CPU
		{3D2669B5-7A02-4F6B-9749-D8EAD1A3C59C}.Debug|Any CPU.Build.0 = Debug|Any CPU
		{3D2669B5-7A02-4F6B-9749-D8EAD1A3C59C}.Release|Any CPU.ActiveCfg = Release|Any CPU
		{3D2669B5-7A02-4F6B-9749-D8EAD1A3C59C}.Release|Any CPU.Build.0 = Release|Any CPU
	EndGlobalSection
EndGlobal
